
Microsoft Visual Studio Solution File, Format Version 12.00
# Visual Studio 14
VisualStudioVersion = 14.0.25123.0
MinimumVisualStudioVersion = 10.0.40219.1
Project("{FAE04EC0-301F-11D3-BF4B-00C04F79EFBC}") = "重庆工商大学教务系统登录", "重庆工商大学教务系统登录\重庆工商大学教务系统登录.csproj", "{1AE5F568-A5D5-466D-9A92-96E550A733BD}"
EndProject
Global
	GlobalSection(SolutionConfigurationPlatforms) = preSolution
		Debug|Any CPU = Debug|Any CPU
		Release|Any CPU = Release|Any CPU
	EndGlobalSection
	GlobalSection(ProjectConfigurationPlatforms) = postSolution
		{1AE5F568-A5D5-466D-9A92-96E550A733BD}.Debug|Any CPU.ActiveCfg = Debug|Any CPU
		{1AE5F568-A5D5-466D-9A92-96E550A733BD}.Debug|Any CPU.Build.0 = Debug|Any CPU
		{1AE5F568-A5D5-466D-9A92-96E550A733BD}.Release|Any CPU.ActiveCfg = Release|Any CPU
		{1AE5F568-A5D5-466D-9A92-96E550A733BD}.Release|Any CPU.Build.0 = Release|Any CPU
	EndGlobalSection
	GlobalSection(SolutionProperties) = preSolution
		HideSolutionNode = FALSE
	EndGlobalSection
EndGlobal
